
Microsoft Visual Studio Solution File, Format Version 12.00
# Visual Studio Version 17
VisualStudioVersion = 17.5.002.0
MinimumVisualStudioVersion = 10.0.40219.1
Project("{9A19103F-16F7-4668-BE54-9A1E7A4F7556}") = "LearnEase", "LearnEase.csproj", "{766E131B-BF70-4079-AC2A-397AACFB6D0F}"
EndProject
Global
	GlobalSection(SolutionConfigurationPlatforms) = preSolution
		Debug|Any CPU = Debug|Any CPU
		Release|Any CPU = Release|Any CPU
	EndGlobalSection
	GlobalSection(ProjectConfigurationPlatforms) = postSolution
		{766E131B-BF70-4079-AC2A-397AACFB6D0F}.Debug|Any CPU.ActiveCfg = Debug|Any CPU
		{766E131B-BF70-4079-AC2A-397AACFB6D0F}.Debug|Any CPU.Build.0 = Debug|Any CPU
		{766E131B-BF70-4079-AC2A-397AACFB6D0F}.Release|Any CPU.ActiveCfg = Release|Any CPU
		{766E131B-BF70-4079-AC2A-397AACFB6D0F}.Release|Any CPU.Build.0 = Release|Any CPU
	EndGlobalSection
	GlobalSection(SolutionProperties) = preSolution
		HideSolutionNode = FALSE
	EndGlobalSection
	GlobalSection(ExtensibilityGlobals) = postSolution
		SolutionGuid = {A21BFC41-CAAB-4B21-899D-E69BF3D827FB}
	EndGlobalSection
EndGlobal
